
Microsoft Visual Studio Solution File, Format Version 12.00
# Visual Studio 15
VisualStudioVersion = 15.0.27130.2010
MinimumVisualStudioVersion = 10.0.40219.1
Project("{E24C65DC-7377-472B-9ABA-BC803B73C61A}") = "TuscanyVilla", "TuscanyVilla\", "{1B578B24-FF08-4E36-9CDF-CD0C0D58CA77}"
	ProjectSection(WebsiteProperties) = preProject
		TargetFrameworkMoniker = ".NETFramework,Version%3Dv4.6.1"
		Debug.AspNetCompiler.VirtualPath = "/localhost_54152"
		Debug.AspNetCompiler.PhysicalPath = "TuscanyVilla\"
		Debug.AspNetCompiler.TargetPath = "PrecompiledWeb\localhost_54152\"
		Debug.AspNetCompiler.Updateable = "true"
		Debug.AspNetCompiler.ForceOverwrite = "true"
		Debug.AspNetCompiler.FixedNames = "false"
		Debug.AspNetCompiler.Debug = "True"
		Release.AspNetCompiler.VirtualPath = "/localhost_54152"
		Release.AspNetCompiler.PhysicalPath = "TuscanyVilla\"
		Release.AspNetCompiler.TargetPath = "PrecompiledWeb\localhost_54152\"
		Release.AspNetCompiler.Updateable = "true"
		Release.AspNetCompiler.ForceOverwrite = "true"
		Release.AspNetCompiler.FixedNames = "false"
		Release.AspNetCompiler.Debug = "False"
		VWDPort = "54152"
		SlnRelativePath = "TuscanyVilla\"
		DefaultWebSiteLanguage = "Visual C#"
	EndProjectSection
EndProject
Global
	GlobalSection(SolutionConfigurationPlatforms) = preSolution
		Debug|Any CPU = Debug|Any CPU
	EndGlobalSection
	GlobalSection(ProjectConfigurationPlatforms) = postSolution
		{1B578B24-FF08-4E36-9CDF-CD0C0D58CA77}.Debug|Any CPU.ActiveCfg = Debug|Any CPU
		{1B578B24-FF08-4E36-9CDF-CD0C0D58CA77}.Debug|Any CPU.Build.0 = Debug|Any CPU
	EndGlobalSection
	GlobalSection(SolutionProperties) = preSolution
		HideSolutionNode = FALSE
	EndGlobalSection
	GlobalSection(ExtensibilityGlobals) = postSolution
		SolutionGuid = {B96968BC-4002-4412-AE64-4F96D2084046}
	EndGlobalSection
EndGlobal
